
Microsoft Visual Studio Solution File, Format Version 12.00
# Visual Studio Version 17
VisualStudioVersion = 17.14.36109.1 d17.14
MinimumVisualStudioVersion = 10.0.40219.1
Project("{F2A71F9B-5D33-465A-A702-920D77279786}") = "LogicQuestGame", "LogicQuestGame\LogicQuestGame.fsproj", "{D02C4FE2-3F27-44B6-B1B9-90BFEFC0BA2C}"
EndProject
Global
	GlobalSection(SolutionConfigurationPlatforms) = preSolution
		Debug|Any CPU = Debug|Any CPU
		Release|Any CPU = Release|Any CPU
	EndGlobalSection
	GlobalSection(ProjectConfigurationPlatforms) = postSolution
		{D02C4FE2-3F27-44B6-B1B9-90BFEFC0BA2C}.Debug|Any CPU.ActiveCfg = Debug|Any CPU
		{D02C4FE2-3F27-44B6-B1B9-90BFEFC0BA2C}.Debug|Any CPU.Build.0 = Debug|Any CPU
		{D02C4FE2-3F27-44B6-B1B9-90BFEFC0BA2C}.Release|Any CPU.ActiveCfg = Release|Any CPU
		{D02C4FE2-3F27-44B6-B1B9-90BFEFC0BA2C}.Release|Any CPU.Build.0 = Release|Any CPU
	EndGlobalSection
	GlobalSection(SolutionProperties) = preSolution
		HideSolutionNode = FALSE
	EndGlobalSection
	GlobalSection(ExtensibilityGlobals) = postSolution
		SolutionGuid = {C1DBE581-4564-4D2B-840D-0A9C58A0C5D6}
	EndGlobalSection
EndGlobal
